
Microsoft Visual Studio Solution File, Format Version 12.00
# Visual Studio Version 17
VisualStudioVersion = 17.9.34616.47
MinimumVisualStudioVersion = 10.0.40219.1
Project("{9A19103F-16F7-4668-BE54-9A1E7A4F7556}") = "tp7", "tp7\tp7.csproj", "{B834C668-B804-4585-B3CC-A9EAFBE68961}"
EndProject
Project("{2150E333-8FDC-42A3-9474-1A3956D46DE8}") = "Solution Items", "Solution Items", "{2CFCD5E0-8A8B-4199-97A2-01622FD91113}"
	ProjectSection(SolutionItems) = preProject
		tp7_1_1302220037.json = tp7_1_1302220037.json
		tp7_2_1302220037.json = tp7_2_1302220037.json
	EndProjectSection
EndProject
Global
	GlobalSection(SolutionConfigurationPlatforms) = preSolution
		Debug|Any CPU = Debug|Any CPU
		Release|Any CPU = Release|Any CPU
	EndGlobalSection
	GlobalSection(ProjectConfigurationPlatforms) = postSolution
		{B834C668-B804-4585-B3CC-A9EAFBE68961}.Debug|Any CPU.ActiveCfg = Debug|Any CPU
		{B834C668-B804-4585-B3CC-A9EAFBE68961}.Debug|Any CPU.Build.0 = Debug|Any CPU
		{B834C668-B804-4585-B3CC-A9EAFBE68961}.Release|Any CPU.ActiveCfg = Release|Any CPU
		{B834C668-B804-4585-B3CC-A9EAFBE68961}.Release|Any CPU.Build.0 = Release|Any CPU
	EndGlobalSection
	GlobalSection(SolutionProperties) = preSolution
		HideSolutionNode = FALSE
	EndGlobalSection
	GlobalSection(ExtensibilityGlobals) = postSolution
		SolutionGuid = {8CDBCD8F-9911-4F73-9158-B322F005388D}
	EndGlobalSection
EndGlobal
